# THIS IS AN AUTOGENERATED FILE. DO NOT EDIT THIS FILE DIRECTLY.
# yarn lockfile v1


"@types/eslint-scope@^3.7.0":
  version "3.7.0"
  resolved "http://registry.npm.souche-inc.com/@types/eslint-scope/download/@types/eslint-scope-3.7.0.tgz#4792816e31119ebd506902a482caec4951fabd86"
  integrity sha1-R5KBbjERnr1QaQKkgsrsSVH6vYY=
  dependencies:
    "@types/eslint" "*"
    "@types/estree" "*"

"@types/eslint@*":
  version "7.2.6"
  resolved "http://registry.npm.souche-inc.com/@types/eslint/download/@types/eslint-7.2.6.tgz#5e9aff555a975596c03a98b59ecd103decc70c3c"
  integrity sha1-Xpr/VVqXVZbAOpi1ns0QPezHDDw=
  dependencies:
    "@types/estree" "*"
    "@types/json-schema" "*"

"@types/estree@*", "@types/estree@^0.0.46":
  version "0.0.46"
  resolved "http://registry.npm.souche-inc.com/@types/estree/download/@types/estree-0.0.46.tgz#0fb6bfbbeabd7a30880504993369c4bf1deab1fe"
  integrity sha1-D7a/u+q9ejCIBQSZM2nEvx3qsf4=

"@types/json-schema@*", "@types/json-schema@^7.0.6":
  version "7.0.7"
  resolved "http://registry.npm.souche-inc.com/@types/json-schema/download/@types/json-schema-7.0.7.tgz#98a993516c859eb0d5c4c8f098317a9ea68db9ad"
  integrity sha1-mKmTUWyFnrDVxMjwmDF6nqaNua0=

"@types/node@*":
  version "14.14.31"
  resolved "http://registry.npm.souche-inc.com/@types/node/download/@types/node-14.14.31.tgz#72286bd33d137aa0d152d47ec7c1762563d34055"
  integrity sha1-cihr0z0TeqDRUtR+x8F2JWPTQFU=

"@webassemblyjs/ast@1.11.0":
  version "1.11.0"
  resolved "http://registry.npm.souche-inc.com/@webassemblyjs/ast/download/@webassemblyjs/ast-1.11.0.tgz#a5aa679efdc9e51707a4207139da57920555961f"
  integrity sha1-papnnv3J5RcHpCBxOdpXkgVVlh8=
  dependencies:
    "@webassemblyjs/helper-numbers" "1.11.0"
    "@webassemblyjs/helper-wasm-bytecode" "1.11.0"

"@webassemblyjs/floating-point-hex-parser@1.11.0":
  version "1.11.0"
  resolved "http://registry.npm.souche-inc.com/@webassemblyjs/floating-point-hex-parser/download/@webassemblyjs/floating-point-hex-parser-1.11.0.tgz#34d62052f453cd43101d72eab4966a022587947c"
  integrity sha1-NNYgUvRTzUMQHXLqtJZqAiWHlHw=

"@webassemblyjs/helper-api-error@1.11.0":
  version "1.11.0"
  resolved "http://registry.npm.souche-inc.com/@webassemblyjs/helper-api-error/download/@webassemblyjs/helper-api-error-1.11.0.tgz#aaea8fb3b923f4aaa9b512ff541b013ffb68d2d4"
  integrity sha1-quqPs7kj9KqptRL/VBsBP/to0tQ=

"@webassemblyjs/helper-buffer@1.11.0":
  version "1.11.0"
  resolved "http://registry.npm.souche-inc.com/@webassemblyjs/helper-buffer/download/@webassemblyjs/helper-buffer-1.11.0.tgz#d026c25d175e388a7dbda9694e91e743cbe9b642"
  integrity sha1-0CbCXRdeOIp9valpTpHnQ8vptkI=

"@webassemblyjs/helper-numbers@1.11.0":
  version "1.11.0"
  resolved "http://registry.npm.souche-inc.com/@webassemblyjs/helper-numbers/download/@webassemblyjs/helper-numbers-1.11.0.tgz#7ab04172d54e312cc6ea4286d7d9fa27c88cd4f9"
  integrity sha1-erBBctVOMSzG6kKG19n6J8iM1Pk=
  dependencies:
    "@webassemblyjs/floating-point-hex-parser" "1.11.0"
    "@webassemblyjs/helper-api-error" "1.11.0"
    "@xtuc/long" "4.2.2"

"@webassemblyjs/helper-wasm-bytecode@1.11.0":
  version "1.11.0"
  resolved "http://registry.npm.souche-inc.com/@webassemblyjs/helper-wasm-bytecode/download/@webassemblyjs/helper-wasm-bytecode-1.11.0.tgz#85fdcda4129902fe86f81abf7e7236953ec5a4e1"
  integrity sha1-hf3NpBKZAv6G+Bq/fnI2lT7FpOE=

"@webassemblyjs/helper-wasm-section@1.11.0":
  version "1.11.0"
  resolved "http://registry.npm.souche-inc.com/@webassemblyjs/helper-wasm-section/download/@webassemblyjs/helper-wasm-section-1.11.0.tgz#9ce2cc89300262509c801b4af113d1ca25c1a75b"
  integrity sha1-nOLMiTACYlCcgBtK8RPRyiXBp1s=
  dependencies:
    "@webassemblyjs/ast" "1.11.0"
    "@webassemblyjs/helper-buffer" "1.11.0"
    "@webassemblyjs/helper-wasm-bytecode" "1.11.0"
    "@webassemblyjs/wasm-gen" "1.11.0"

"@webassemblyjs/ieee754@1.11.0":
  version "1.11.0"
  resolved "http://registry.npm.souche-inc.com/@webassemblyjs/ieee754/download/@webassemblyjs/ieee754-1.11.0.tgz#46975d583f9828f5d094ac210e219441c4e6f5cf"
  integrity sha1-RpddWD+YKPXQlKwhDiGUQcTm9c8=
  dependencies:
    "@xtuc/ieee754" "^1.2.0"

"@webassemblyjs/leb128@1.11.0":
  version "1.11.0"
  resolved "http://registry.npm.souche-inc.com/@webassemblyjs/leb128/download/@webassemblyjs/leb128-1.11.0.tgz#f7353de1df38aa201cba9fb88b43f41f75ff403b"
  integrity sha1-9zU94d84qiAcup+4i0P0H3X/QDs=
  dependencies:
    "@xtuc/long" "4.2.2"

"@webassemblyjs/utf8@1.11.0":
  version "1.11.0"
  resolved "http://registry.npm.souche-inc.com/@webassemblyjs/utf8/download/@webassemblyjs/utf8-1.11.0.tgz#86e48f959cf49e0e5091f069a709b862f5a2cadf"
  integrity sha1-huSPlZz0ng5QkfBppwm4YvWiyt8=

"@webassemblyjs/wasm-edit@1.11.0":
  version "1.11.0"
  resolved "http://registry.npm.souche-inc.com/@webassemblyjs/wasm-edit/download/@webassemblyjs/wasm-edit-1.11.0.tgz#ee4a5c9f677046a210542ae63897094c2027cb78"
  integrity sha1-7kpcn2dwRqIQVCrmOJcJTCAny3g=
  dependencies:
    "@webassemblyjs/ast" "1.11.0"
    "@webassemblyjs/helper-buffer" "1.11.0"
    "@webassemblyjs/helper-wasm-bytecode" "1.11.0"
    "@webassemblyjs/helper-wasm-section" "1.11.0"
    "@webassemblyjs/wasm-gen" "1.11.0"
    "@webassemblyjs/wasm-opt" "1.11.0"
    "@webassemblyjs/wasm-parser" "1.11.0"
    "@webassemblyjs/wast-printer" "1.11.0"

"@webassemblyjs/wasm-gen@1.11.0":
  version "1.11.0"
  resolved "http://registry.npm.souche-inc.com/@webassemblyjs/wasm-gen/download/@webassemblyjs/wasm-gen-1.11.0.tgz#3cdb35e70082d42a35166988dda64f24ceb97abe"
  integrity sha1-PNs15wCC1Co1FmmI3aZPJM65er4=
  dependencies:
    "@webassemblyjs/ast" "1.11.0"
    "@webassemblyjs/helper-wasm-bytecode" "1.11.0"
    "@webassemblyjs/ieee754" "1.11.0"
    "@webassemblyjs/leb128" "1.11.0"
    "@webassemblyjs/utf8" "1.11.0"

"@webassemblyjs/wasm-opt@1.11.0":
  version "1.11.0"
  resolved "http://registry.npm.souche-inc.com/@webassemblyjs/wasm-opt/download/@webassemblyjs/wasm-opt-1.11.0.tgz#1638ae188137f4bb031f568a413cd24d32f92978"
  integrity sha1-FjiuGIE39LsDH1aKQTzSTTL5KXg=
  dependencies:
    "@webassemblyjs/ast" "1.11.0"
    "@webassemblyjs/helper-buffer" "1.11.0"
    "@webassemblyjs/wasm-gen" "1.11.0"
    "@webassemblyjs/wasm-parser" "1.11.0"

"@webassemblyjs/wasm-parser@1.11.0":
  version "1.11.0"
  resolved "http://registry.npm.souche-inc.com/@webassemblyjs/wasm-parser/download/@webassemblyjs/wasm-parser-1.11.0.tgz#3e680b8830d5b13d1ec86cc42f38f3d4a7700754"
  integrity sha1-PmgLiDDVsT0eyGzELzjz1KdwB1Q=
  dependencies:
    "@webassemblyjs/ast" "1.11.0"
    "@webassemblyjs/helper-api-error" "1.11.0"
    "@webassemblyjs/helper-wasm-bytecode" "1.11.0"
    "@webassemblyjs/ieee754" "1.11.0"
    "@webassemblyjs/leb128" "1.11.0"
    "@webassemblyjs/utf8" "1.11.0"

"@webassemblyjs/wast-printer@1.11.0":
  version "1.11.0"
  resolved "http://registry.npm.souche-inc.com/@webassemblyjs/wast-printer/download/@webassemblyjs/wast-printer-1.11.0.tgz#680d1f6a5365d6d401974a8e949e05474e1fab7e"
  integrity sha1-aA0falNl1tQBl0qOlJ4FR04fq34=
  dependencies:
    "@webassemblyjs/ast" "1.11.0"
    "@xtuc/long" "4.2.2"

"@xtuc/ieee754@^1.2.0":
  version "1.2.0"
  resolved "http://registry.npm.souche-inc.com/@xtuc/ieee754/download/@xtuc/ieee754-1.2.0.tgz#eef014a3145ae477a1cbc00cd1e552336dceb790"
  integrity sha1-7vAUoxRa5Hehy8AM0eVSM23Ot5A=

"@xtuc/long@4.2.2":
  version "4.2.2"
  resolved "http://registry.npm.souche-inc.com/@xtuc/long/download/@xtuc/long-4.2.2.tgz#d291c6a4e97989b5c61d9acf396ae4fe133a718d"
  integrity sha1-0pHGpOl5ibXGHZrPOWrk/hM6cY0=

acorn@^8.0.4:
  version "8.0.5"
  resolved "http://registry.npm.souche-inc.com/acorn/download/acorn-8.0.5.tgz#a3bfb872a74a6a7f661bc81b9849d9cac12601b7"
  integrity sha1-o7+4cqdKan9mG8gbmEnZysEmAbc=

ajv-keywords@^3.5.2:
  version "3.5.2"
  resolved "http://registry.npm.souche-inc.com/ajv-keywords/download/ajv-keywords-3.5.2.tgz#31f29da5ab6e00d1c2d329acf7b5929614d5014d"
  integrity sha1-MfKdpatuANHC0yms97WSlhTVAU0=

ajv@^6.12.5:
  version "6.12.6"
  resolved "http://registry.npm.souche-inc.com/ajv/download/ajv-6.12.6.tgz#baf5a62e802b07d977034586f8c3baf5adf26df4"
  integrity sha1-uvWmLoArB9l3A0WG+MO69a3ybfQ=
  dependencies:
    fast-deep-equal "^3.1.1"
    fast-json-stable-stringify "^2.0.0"
    json-schema-traverse "^0.4.1"
    uri-js "^4.2.2"

array-filter@^1.0.0:
  version "1.0.0"
  resolved "https://registry.npm.taobao.org/array-filter/download/array-filter-1.0.0.tgz#baf79e62e6ef4c2a4c0b831232daffec251f9d83"
  integrity sha1-uveeYubvTCpMC4MSMtr/7CUfnYM=

available-typed-arrays@^1.0.2:
  version "1.0.2"
  resolved "https://registry.npm.taobao.org/available-typed-arrays/download/available-typed-arrays-1.0.2.tgz#6b098ca9d8039079ee3f77f7b783c4480ba513f5"
  integrity sha1-awmMqdgDkHnuP3f3t4PESAulE/U=
  dependencies:
    array-filter "^1.0.0"

browserslist@^4.14.5:
  version "4.16.3"
  resolved "http://registry.npm.souche-inc.com/browserslist/download/browserslist-4.16.3.tgz#340aa46940d7db878748567c5dea24a48ddf3717"
  integrity sha1-NAqkaUDX24eHSFZ8XeokpI3fNxc=
  dependencies:
    caniuse-lite "^1.0.30001181"
    colorette "^1.2.1"
    electron-to-chromium "^1.3.649"
    escalade "^3.1.1"
    node-releases "^1.1.70"

buffer-from@^1.0.0:
  version "1.1.1"
  resolved "http://registry.npm.souche-inc.com/buffer-from/download/buffer-from-1.1.1.tgz#32713bc028f75c02fdb710d7c7bcec1f2c6070ef"
  integrity sha1-MnE7wCj3XAL9txDXx7zsHyxgcO8=

call-bind@^1.0.0, call-bind@^1.0.2:
  version "1.0.2"
  resolved "https://registry.npm.taobao.org/call-bind/download/call-bind-1.0.2.tgz?cache=0&sync_timestamp=1610405478355&other_urls=https%3A%2F%2Fregistry.npm.taobao.org%2Fcall-bind%2Fdownload%2Fcall-bind-1.0.2.tgz#b1d4e89e688119c3c9a903ad30abb2f6a919be3c"
  integrity sha1-sdTonmiBGcPJqQOtMKuy9qkZvjw=
  dependencies:
    function-bind "^1.1.1"
    get-intrinsic "^1.0.2"

caniuse-lite@^1.0.30001181:
  version "1.0.30001196"
  resolved "http://registry.npm.souche-inc.com/caniuse-lite/download/caniuse-lite-1.0.30001196.tgz#00518a2044b1abf3e0df31fadbe5ed90b63f4e64"
  integrity sha1-AFGKIESxq/Pg3zH62+XtkLY/TmQ=

chrome-trace-event@^1.0.2:
  version "1.0.2"
  resolved "http://registry.npm.souche-inc.com/chrome-trace-event/download/chrome-trace-event-1.0.2.tgz#234090ee97c7d4ad1a2c4beae27505deffc608a4"
  integrity sha1-I0CQ7pfH1K0aLEvq4nUF3v/GCKQ=
  dependencies:
    tslib "^1.9.0"

colorette@^1.2.1:
  version "1.2.2"
  resolved "http://registry.npm.souche-inc.com/colorette/download/colorette-1.2.2.tgz#cbcc79d5e99caea2dbf10eb3a26fd8b3e6acfa94"
  integrity sha1-y8x51emcrqLb8Q6zom/Ys+as+pQ=

commander@0.6.1:
  version "0.6.1"
  resolved "https://registry.npm.taobao.org/commander/download/commander-0.6.1.tgz?cache=0&sync_timestamp=1610702173050&other_urls=https%3A%2F%2Fregistry.npm.taobao.org%2Fcommander%2Fdownload%2Fcommander-0.6.1.tgz#fa68a14f6a945d54dbbe50d8cdb3320e9e3b1a06"
  integrity sha1-+mihT2qUXVTbvlDYzbMyDp47GgY=

commander@2.3.0:
  version "2.3.0"
  resolved "https://registry.npm.taobao.org/commander/download/commander-2.3.0.tgz?cache=0&sync_timestamp=1610702173050&other_urls=https%3A%2F%2Fregistry.npm.taobao.org%2Fcommander%2Fdownload%2Fcommander-2.3.0.tgz#fd430e889832ec353b9acd1de217c11cb3eef873"
  integrity sha1-/UMOiJgy7DU7ms0d4hfBHLPu+HM=

commander@^2.20.0:
  version "2.20.3"
  resolved "http://registry.npm.souche-inc.com/commander/download/commander-2.20.3.tgz#fd485e84c03eb4881c20722ba48035e8531aeb33"
  integrity sha1-/UhehMA+tIgcIHIrpIA16FMa6zM=

debug@2.2.0:
  version "2.2.0"
  resolved "https://registry.npm.taobao.org/debug/download/debug-2.2.0.tgz?cache=0&sync_timestamp=1607566571506&other_urls=https%3A%2F%2Fregistry.npm.taobao.org%2Fdebug%2Fdownload%2Fdebug-2.2.0.tgz#f87057e995b1a1f6ae6a4960664137bc56f039da"
  integrity sha1-+HBX6ZWxofauaklgZkE3vFbwOdo=
  dependencies:
    ms "0.7.1"

define-properties@^1.1.3:
  version "1.1.3"
  resolved "https://registry.npm.taobao.org/define-properties/download/define-properties-1.1.3.tgz#cf88da6cbee26fe6db7094f61d870cbd84cee9f1"
  integrity sha1-z4jabL7ib+bbcJT2HYcMvYTO6fE=
  dependencies:
    object-keys "^1.0.12"

diff@1.4.0:
  version "1.4.0"
  resolved "https://registry.npm.taobao.org/diff/download/diff-1.4.0.tgz?cache=0&sync_timestamp=1604803633979&other_urls=https%3A%2F%2Fregistry.npm.taobao.org%2Fdiff%2Fdownload%2Fdiff-1.4.0.tgz#7f28d2eb9ee7b15a97efd89ce63dcfdaa3ccbabf"
  integrity sha1-fyjS657nsVqX79ic5j3P2qPMur8=

electron-to-chromium@^1.3.649:
  version "1.3.682"
  resolved "http://registry.npm.souche-inc.com/electron-to-chromium/download/electron-to-chromium-1.3.682.tgz#f4b5c8d4479df96b61e508a721d6c32c1262ef23"
  integrity sha1-9LXI1Eed+Wth5QinIdbDLBJi7yM=

enhanced-resolve@^5.7.0:
  version "5.7.0"
  resolved "http://registry.npm.souche-inc.com/enhanced-resolve/download/enhanced-resolve-5.7.0.tgz#525c5d856680fbd5052de453ac83e32049958b5c"
  integrity sha1-UlxdhWaA+9UFLeRTrIPjIEmVi1w=
  dependencies:
    graceful-fs "^4.2.4"
    tapable "^2.2.0"

es-abstract@^1.18.0-next.1:
  version "1.18.0-next.2"
  resolved "https://registry.npm.taobao.org/es-abstract/download/es-abstract-1.18.0-next.2.tgz?cache=0&sync_timestamp=1610935617257&other_urls=https%3A%2F%2Fregistry.npm.taobao.org%2Fes-abstract%2Fdownload%2Fes-abstract-1.18.0-next.2.tgz#088101a55f0541f595e7e057199e27ddc8f3a5c2"
  integrity sha1-CIEBpV8FQfWV5+BXGZ4n3cjzpcI=
  dependencies:
    call-bind "^1.0.2"
    es-to-primitive "^1.2.1"
    function-bind "^1.1.1"
    get-intrinsic "^1.0.2"
    has "^1.0.3"
    has-symbols "^1.0.1"
    is-callable "^1.2.2"
    is-negative-zero "^2.0.1"
    is-regex "^1.1.1"
    object-inspect "^1.9.0"
    object-keys "^1.1.1"
    object.assign "^4.1.2"
    string.prototype.trimend "^1.0.3"
    string.prototype.trimstart "^1.0.3"

es-module-lexer@^0.4.0:
  version "0.4.1"
  resolved "http://registry.npm.souche-inc.com/es-module-lexer/download/es-module-lexer-0.4.1.tgz#dda8c6a14d8f340a24e34331e0fab0cb50438e0e"
  integrity sha1-3ajGoU2PNAok40Mx4Pqwy1BDjg4=

es-to-primitive@^1.2.1:
  version "1.2.1"
  resolved "https://registry.npm.taobao.org/es-to-primitive/download/es-to-primitive-1.2.1.tgz#e55cd4c9cdc188bcefb03b366c736323fc5c898a"
  integrity sha1-5VzUyc3BiLzvsDs2bHNjI/xciYo=
  dependencies:
    is-callable "^1.1.4"
    is-date-object "^1.0.1"
    is-symbol "^1.0.2"

escalade@^3.1.1:
  version "3.1.1"
  resolved "http://registry.npm.souche-inc.com/escalade/download/escalade-3.1.1.tgz#d8cfdc7000965c5a0174b4a82eaa5c0552742e40"
  integrity sha1-2M/ccACWXFoBdLSoLqpcBVJ0LkA=

escape-string-regexp@1.0.2:
  version "1.0.2"
  resolved "https://registry.npm.taobao.org/escape-string-regexp/download/escape-string-regexp-1.0.2.tgz#4dbc2fe674e71949caf3fb2695ce7f2dc1d9a8d1"
  integrity sha1-Tbwv5nTnGUnK8/smlc5/LcHZqNE=

eslint-scope@^5.1.1:
  version "5.1.1"
  resolved "http://registry.npm.souche-inc.com/eslint-scope/download/eslint-scope-5.1.1.tgz#e786e59a66cb92b3f6c1fb0d508aab174848f48c"
  integrity sha1-54blmmbLkrP2wfsNUIqrF0hI9Iw=
  dependencies:
    esrecurse "^4.3.0"
    estraverse "^4.1.1"

esrecurse@^4.3.0:
  version "4.3.0"
  resolved "http://registry.npm.souche-inc.com/esrecurse/download/esrecurse-4.3.0.tgz#7ad7964d679abb28bee72cec63758b1c5d2c9921"
  integrity sha1-eteWTWeauyi+5yzsY3WLHF0smSE=
  dependencies:
    estraverse "^5.2.0"

estraverse@^4.1.1:
  version "4.3.0"
  resolved "http://registry.npm.souche-inc.com/estraverse/download/estraverse-4.3.0.tgz#398ad3f3c5a24948be7725e83d11a7de28cdbd1d"
  integrity sha1-OYrT88WiSUi+dyXoPRGn3ijNvR0=

estraverse@^5.2.0:
  version "5.2.0"
  resolved "http://registry.npm.souche-inc.com/estraverse/download/estraverse-5.2.0.tgz#307df42547e6cc7324d3cf03c155d5cdb8c53880"
  integrity sha1-MH30JUfmzHMk088DwVXVzbjFOIA=

events@^3.2.0:
  version "3.3.0"
  resolved "http://registry.npm.souche-inc.com/events/download/events-3.3.0.tgz#31a95ad0a924e2d2c419a813aeb2c4e878ea7400"
  integrity sha1-Mala0Kkk4tLEGagTrrLE6HjqdAA=

fast-deep-equal@^3.1.1:
  version "3.1.3"
  resolved "http://registry.npm.souche-inc.com/fast-deep-equal/download/fast-deep-equal-3.1.3.tgz#3a7d56b559d6cbc3eb512325244e619a65c6c525"
  integrity sha1-On1WtVnWy8PrUSMlJE5hmmXGxSU=

fast-json-stable-stringify@^2.0.0:
  version "2.1.0"
  resolved "http://registry.npm.souche-inc.com/fast-json-stable-stringify/download/fast-json-stable-stringify-2.1.0.tgz#874bf69c6f404c2b5d99c481341399fd55892633"
  integrity sha1-h0v2nG9ATCtdmcSBNBOZ/VWJJjM=

foreach@^2.0.5:
  version "2.0.5"
  resolved "https://registry.npm.taobao.org/foreach/download/foreach-2.0.5.tgz#0bee005018aeb260d0a3af3ae658dd0136ec1b99"
  integrity sha1-C+4AUBiusmDQo6865ljdATbsG5k=

formatio@1.1.1:
  version "1.1.1"
  resolved "https://registry.npm.taobao.org/formatio/download/formatio-1.1.1.tgz#5ed3ccd636551097383465d996199100e86161e9"
  integrity sha1-XtPM1jZVEJc4NGXZlhmRAOhhYek=
  dependencies:
    samsam "~1.1"

function-bind@^1.1.1:
  version "1.1.1"
  resolved "https://registry.npm.taobao.org/function-bind/download/function-bind-1.1.1.tgz#a56899d3ea3c9bab874bb9773b7c5ede92f4895d"
  integrity sha1-pWiZ0+o8m6uHS7l3O3xe3pL0iV0=

get-intrinsic@^1.0.2:
  version "1.0.2"
  resolved "https://registry.npm.taobao.org/get-intrinsic/download/get-intrinsic-1.0.2.tgz?cache=0&sync_timestamp=1608274340650&other_urls=https%3A%2F%2Fregistry.npm.taobao.org%2Fget-intrinsic%2Fdownload%2Fget-intrinsic-1.0.2.tgz#6820da226e50b24894e08859469dc68361545d49"
  integrity sha1-aCDaIm5QskiU4IhZRp3Gg2FUXUk=
  dependencies:
    function-bind "^1.1.1"
    has "^1.0.3"
    has-symbols "^1.0.1"

glob-to-regexp@^0.4.1:
  version "0.4.1"
  resolved "http://registry.npm.souche-inc.com/glob-to-regexp/download/glob-to-regexp-0.4.1.tgz#c75297087c851b9a578bd217dd59a92f59fe546e"
  integrity sha1-x1KXCHyFG5pXi9IX3VmpL1n+VG4=

glob@3.2.11:
  version "3.2.11"
  resolved "https://registry.npm.taobao.org/glob/download/glob-3.2.11.tgz#4a973f635b9190f715d10987d5c00fd2815ebe3d"
  integrity sha1-Spc/Y1uRkPcV0QmH1cAP0oFevj0=
  dependencies:
    inherits "2"
    minimatch "0.3"

graceful-fs@^4.1.2, graceful-fs@^4.2.4:
  version "4.2.6"
  resolved "http://registry.npm.souche-inc.com/graceful-fs/download/graceful-fs-4.2.6.tgz#ff040b2b0853b23c3d31027523706f1885d76bee"
  integrity sha1-/wQLKwhTsjw9MQJ1I3BvGIXXa+4=

growl@1.9.2:
  version "1.9.2"
  resolved "https://registry.npm.taobao.org/growl/download/growl-1.9.2.tgz#0ea7743715db8d8de2c5ede1775e1b45ac85c02f"
  integrity sha1-Dqd0NxXbjY3ixe3hd14bRayFwC8=

has-flag@^4.0.0:
  version "4.0.0"
  resolved "http://registry.npm.souche-inc.com/has-flag/download/has-flag-4.0.0.tgz#944771fd9c81c81265c4d6941860da06bb59479b"
  integrity sha1-lEdx/ZyByBJlxNaUGGDaBrtZR5s=

has-symbols@^1.0.1:
  version "1.0.1"
  resolved "https://registry.npm.taobao.org/has-symbols/download/has-symbols-1.0.1.tgz#9f5214758a44196c406d9bd76cebf81ec2dd31e8"
  integrity sha1-n1IUdYpEGWxAbZvXbOv4HsLdMeg=

has@^1.0.3:
  version "1.0.3"
  resolved "https://registry.npm.taobao.org/has/download/has-1.0.3.tgz#722d7cbfc1f6aa8241f16dd814e011e1f41e8796"
  integrity sha1-ci18v8H2qoJB8W3YFOAR4fQeh5Y=
  dependencies:
    function-bind "^1.1.1"

inherits@2, inherits@^2.0.3:
  version "2.0.4"
  resolved "https://registry.npm.taobao.org/inherits/download/inherits-2.0.4.tgz#0fa2c64f932917c3433a0ded55363aae37416b7c"
  integrity sha1-D6LGT5MpF8NDOg3tVTY6rjdBa3w=

is-arguments@^1.0.4:
  version "1.1.0"
  resolved "https://registry.npm.taobao.org/is-arguments/download/is-arguments-1.1.0.tgz#62353031dfbee07ceb34656a6bde59efecae8dd9"
  integrity sha1-YjUwMd++4HzrNGVqa95Z7+yujdk=
  dependencies:
    call-bind "^1.0.0"

is-callable@^1.1.4, is-callable@^1.2.2:
  version "1.2.2"
  resolved "https://registry.npm.taobao.org/is-callable/download/is-callable-1.2.2.tgz#c7c6715cd22d4ddb48d3e19970223aceabb080d9"
  integrity sha1-x8ZxXNItTdtI0+GZcCI6zquwgNk=

is-date-object@^1.0.1:
  version "1.0.2"
  resolved "https://registry.npm.taobao.org/is-date-object/download/is-date-object-1.0.2.tgz#bda736f2cd8fd06d32844e7743bfa7494c3bfd7e"
  integrity sha1-vac28s2P0G0yhE53Q7+nSUw7/X4=

is-generator-function@^1.0.7:
  version "1.0.8"
  resolved "https://registry.npm.taobao.org/is-generator-function/download/is-generator-function-1.0.8.tgz?cache=0&sync_timestamp=1606926805401&other_urls=https%3A%2F%2Fregistry.npm.taobao.org%2Fis-generator-function%2Fdownload%2Fis-generator-function-1.0.8.tgz#dfb5c2b120e02b0a8d9d2c6806cd5621aa922f7b"
  integrity sha1-37XCsSDgKwqNnSxoBs1WIaqSL3s=

is-negative-zero@^2.0.1:
  version "2.0.1"
  resolved "https://registry.npm.taobao.org/is-negative-zero/download/is-negative-zero-2.0.1.tgz?cache=0&sync_timestamp=1607123159909&other_urls=https%3A%2F%2Fregistry.npm.taobao.org%2Fis-negative-zero%2Fdownload%2Fis-negative-zero-2.0.1.tgz#3de746c18dda2319241a53675908d8f766f11c24"
  integrity sha1-PedGwY3aIxkkGlNnWQjY92bxHCQ=

is-regex@^1.1.1:
  version "1.1.1"
  resolved "https://registry.npm.taobao.org/is-regex/download/is-regex-1.1.1.tgz#c6f98aacc546f6cec5468a07b7b153ab564a57b9"
  integrity sha1-xvmKrMVG9s7FRooHt7FTq1ZKV7k=
  dependencies:
    has-symbols "^1.0.1"

is-symbol@^1.0.2:
  version "1.0.3"
  resolved "https://registry.npm.taobao.org/is-symbol/download/is-symbol-1.0.3.tgz#38e1014b9e6329be0de9d24a414fd7441ec61937"
  integrity sha1-OOEBS55jKb4N6dJKQU/XRB7GGTc=
  dependencies:
    has-symbols "^1.0.1"

is-typed-array@^1.1.3:
  version "1.1.4"
  resolved "https://registry.npm.taobao.org/is-typed-array/download/is-typed-array-1.1.4.tgz#1f66f34a283a3c94a4335434661ca53fff801120"
  integrity sha1-H2bzSig6PJSkM1Q0ZhylP/+AESA=
  dependencies:
    available-typed-arrays "^1.0.2"
    call-bind "^1.0.0"
    es-abstract "^1.18.0-next.1"
    foreach "^2.0.5"
    has-symbols "^1.0.1"

jade@0.26.3:
  version "0.26.3"
  resolved "https://registry.npm.taobao.org/jade/download/jade-0.26.3.tgz#8f10d7977d8d79f2f6ff862a81b0513ccb25686c"
  integrity sha1-jxDXl32NefL2/4YqgbBRPMslaGw=
  dependencies:
    commander "0.6.1"
    mkdirp "0.3.0"

jest-worker@^26.6.2:
  version "26.6.2"
  resolved "http://registry.npm.souche-inc.com/jest-worker/download/jest-worker-26.6.2.tgz#7f72cbc4d643c365e27b9fd775f9d0eaa9c7a8ed"
  integrity sha1-f3LLxNZDw2Xie5/XdfnQ6qnHqO0=
  dependencies:
    "@types/node" "*"
    merge-stream "^2.0.0"
    supports-color "^7.0.0"

json-parse-better-errors@^1.0.2:
  version "1.0.2"
  resolved "http://registry.npm.souche-inc.com/json-parse-better-errors/download/json-parse-better-errors-1.0.2.tgz#bb867cfb3450e69107c131d1c514bab3dc8bcaa9"
  integrity sha1-u4Z8+zRQ5pEHwTHRxRS6s9yLyqk=

json-schema-traverse@^0.4.1:
  version "0.4.1"
  resolved "http://registry.npm.souche-inc.com/json-schema-traverse/download/json-schema-traverse-0.4.1.tgz#69f6a87d9513ab8bb8fe63bdb0979c448e684660"
  integrity sha1-afaofZUTq4u4/mO9sJecRI5oRmA=

loader-runner@^4.2.0:
  version "4.2.0"
  resolved "http://registry.npm.souche-inc.com/loader-runner/download/loader-runner-4.2.0.tgz#d7022380d66d14c5fb1d496b89864ebcfd478384"
  integrity sha1-1wIjgNZtFMX7HUlriYZOvP1Hg4Q=

lolex@1.3.2:
  version "1.3.2"
  resolved "https://registry.npm.taobao.org/lolex/download/lolex-1.3.2.tgz#7c3da62ffcb30f0f5a80a2566ca24e45d8a01f31"
  integrity sha1-fD2mL/yzDw9agKJWbKJORdigHzE=

lru-cache@2:
  version "2.7.3"
  resolved "https://registry.npm.taobao.org/lru-cache/download/lru-cache-2.7.3.tgz#6d4524e8b955f95d4f5b58851ce21dd72fb4e952"
  integrity sha1-bUUk6LlV+V1PW1iFHOId1y+06VI=

merge-stream@^2.0.0:
  version "2.0.0"
  resolved "http://registry.npm.souche-inc.com/merge-stream/download/merge-stream-2.0.0.tgz#52823629a14dd00c9770fb6ad47dc6310f2c1f60"
  integrity sha1-UoI2KaFN0AyXcPtq1H3GMQ8sH2A=

mime-db@1.46.0:
  version "1.46.0"
  resolved "http://registry.npm.souche-inc.com/mime-db/download/mime-db-1.46.0.tgz#6267748a7f799594de3cbc8cde91def349661cee"
  integrity sha1-Ymd0in95lZTePLyM3pHe80lmHO4=

mime-types@^2.1.27:
  version "2.1.29"
  resolved "http://registry.npm.souche-inc.com/mime-types/download/mime-types-2.1.29.tgz#1d4ab77da64b91f5f72489df29236563754bb1b2"
  integrity sha1-HUq3faZLkfX3JInfKSNlY3VLsbI=
  dependencies:
    mime-db "1.46.0"

mime@^2.5.2:
  version "2.5.2"
  resolved "http://registry.npm.souche-inc.com/mime/download/mime-2.5.2.tgz#6e3dc6cc2b9510643830e5f19d5cb753da5eeabe"
  integrity sha1-bj3GzCuVEGQ4MOXxnVy3U9pe6r4=

minimatch@0.3:
  version "0.3.0"
  resolved "https://registry.npm.taobao.org/minimatch/download/minimatch-0.3.0.tgz#275d8edaac4f1bb3326472089e7949c8394699dd"
  integrity sha1-J12O2qxPG7MyZHIInnlJyDlGmd0=
  dependencies:
    lru-cache "2"
    sigmund "~1.0.0"

minimist@0.0.8:
  version "0.0.8"
  resolved "https://registry.npm.taobao.org/minimist/download/minimist-0.0.8.tgz#857fcabfc3397d2625b8228262e86aa7a011b05d"
  integrity sha1-hX/Kv8M5fSYluCKCYuhqp6ARsF0=

mkdirp@0.3.0:
  version "0.3.0"
  resolved "https://registry.npm.taobao.org/mkdirp/download/mkdirp-0.3.0.tgz#1bbf5ab1ba827af23575143490426455f481fe1e"
  integrity sha1-G79asbqCevI1dRQ0kEJkVfSB/h4=

mkdirp@0.5.1:
  version "0.5.1"
  resolved "https://registry.npm.taobao.org/mkdirp/download/mkdirp-0.5.1.tgz#30057438eac6cf7f8c4767f38648d6697d75c903"
  integrity sha1-MAV0OOrGz3+MR2fzhkjWaX11yQM=
  dependencies:
    minimist "0.0.8"

mocha@^2.5.3:
  version "2.5.3"
  resolved "https://registry.npm.taobao.org/mocha/download/mocha-2.5.3.tgz?cache=0&other_urls=https%3A%2F%2Fregistry.npm.taobao.org%2Fmocha%2Fdownload%2Fmocha-2.5.3.tgz#161be5bdeb496771eb9b35745050b622b5aefc58"
  integrity sha1-FhvlvetJZ3HrmzV0UFC2IrWu/Fg=
  dependencies:
    commander "2.3.0"
    debug "2.2.0"
    diff "1.4.0"
    escape-string-regexp "1.0.2"
    glob "3.2.11"
    growl "1.9.2"
    jade "0.26.3"
    mkdirp "0.5.1"
    supports-color "1.2.0"
    to-iso-string "0.0.2"

ms@0.7.1:
  version "0.7.1"
  resolved "https://registry.npm.taobao.org/ms/download/ms-0.7.1.tgz?cache=0&sync_timestamp=1607433872491&other_urls=https%3A%2F%2Fregistry.npm.taobao.org%2Fms%2Fdownload%2Fms-0.7.1.tgz#9cd13c03adbff25b65effde7ce864ee952017098"
  integrity sha1-nNE8A62/8ltl7/3nzoZO6VIBcJg=

neo-async@^2.6.2:
  version "2.6.2"
  resolved "http://registry.npm.souche-inc.com/neo-async/download/neo-async-2.6.2.tgz#b4aafb93e3aeb2d8174ca53cf163ab7d7308305f"
  integrity sha1-tKr7k+OustgXTKU88WOrfXMIMF8=

node-releases@^1.1.70:
  version "1.1.71"
  resolved "http://registry.npm.souche-inc.com/node-releases/download/node-releases-1.1.71.tgz#cb1334b179896b1c89ecfdd4b725fb7bbdfc7dbb"
  integrity sha1-yxM0sXmJaxyJ7P3UtyX7e738fbs=

object-inspect@^1.9.0:
  version "1.9.0"
  resolved "https://registry.npm.taobao.org/object-inspect/download/object-inspect-1.9.0.tgz?cache=0&sync_timestamp=1606804292445&other_urls=https%3A%2F%2Fregistry.npm.taobao.org%2Fobject-inspect%2Fdownload%2Fobject-inspect-1.9.0.tgz#c90521d74e1127b67266ded3394ad6116986533a"
  integrity sha1-yQUh104RJ7ZyZt7TOUrWEWmGUzo=

object-keys@^1.0.12, object-keys@^1.1.1:
  version "1.1.1"
  resolved "https://registry.npm.taobao.org/object-keys/download/object-keys-1.1.1.tgz#1c47f272df277f3b1daf061677d9c82e2322c60e"
  integrity sha1-HEfyct8nfzsdrwYWd9nILiMixg4=

object.assign@^4.1.2:
  version "4.1.2"
  resolved "https://registry.npm.taobao.org/object.assign/download/object.assign-4.1.2.tgz?cache=0&sync_timestamp=1604115167242&other_urls=https%3A%2F%2Fregistry.npm.taobao.org%2Fobject.assign%2Fdownload%2Fobject.assign-4.1.2.tgz#0ed54a342eceb37b38ff76eb831a0e788cb63940"
  integrity sha1-DtVKNC7Os3s4/3brgxoOeIy2OUA=
  dependencies:
    call-bind "^1.0.0"
    define-properties "^1.1.3"
    has-symbols "^1.0.1"
    object-keys "^1.1.1"

p-limit@^3.1.0:
  version "3.1.0"
  resolved "http://registry.npm.souche-inc.com/p-limit/download/p-limit-3.1.0.tgz#e1daccbe78d0d1388ca18c64fea38e3e57e3706b"
  integrity sha1-4drMvnjQ0TiMoYxk/qOOPlfjcGs=
  dependencies:
    yocto-queue "^0.1.0"

promises-aplus-tests@^2.1.2:
  version "2.1.2"
  resolved "https://registry.npm.taobao.org/promises-aplus-tests/download/promises-aplus-tests-2.1.2.tgz#76b7c5638968720861969cfbcd8795afd274885c"
  integrity sha1-drfFY4locghhlpz7zYeVr9J0iFw=
  dependencies:
    mocha "^2.5.3"
    sinon "^1.10.3"
    underscore "~1.8.3"

punycode@^2.1.0:
  version "2.1.1"
  resolved "http://registry.npm.souche-inc.com/punycode/download/punycode-2.1.1.tgz#b58b010ac40c22c5657616c8d2c2c02c7bf479ec"
  integrity sha1-tYsBCsQMIsVldhbI0sLALHv0eew=

randombytes@^2.1.0:
  version "2.1.0"
  resolved "http://registry.npm.souche-inc.com/randombytes/download/randombytes-2.1.0.tgz#df6f84372f0270dc65cdf6291349ab7a473d4f2a"
  integrity sha1-32+ENy8CcNxlzfYpE0mrekc9Tyo=
  dependencies:
    safe-buffer "^5.1.0"

safe-buffer@^5.1.0, safe-buffer@^5.1.2:
  version "5.2.1"
  resolved "https://registry.npm.taobao.org/safe-buffer/download/safe-buffer-5.2.1.tgz#1eaf9fa9bdb1fdd4ec75f58f9cdb4e6b7827eec6"
  integrity sha1-Hq+fqb2x/dTsdfWPnNtOa3gn7sY=

samsam@1.1.2:
  version "1.1.2"
  resolved "https://registry.npm.taobao.org/samsam/download/samsam-1.1.2.tgz#bec11fdc83a9fda063401210e40176c3024d1567"
  integrity sha1-vsEf3IOp/aBjQBIQ5AF2wwJNFWc=

samsam@~1.1:
  version "1.1.3"
  resolved "https://registry.npm.taobao.org/samsam/download/samsam-1.1.3.tgz#9f5087419b4d091f232571e7fa52e90b0f552621"
  integrity sha1-n1CHQZtNCR8jJXHn+lLpCw9VJiE=

schema-utils@^3.0.0:
  version "3.0.0"
  resolved "http://registry.npm.souche-inc.com/schema-utils/download/schema-utils-3.0.0.tgz#67502f6aa2b66a2d4032b4279a2944978a0913ef"
  integrity sha1-Z1AvaqK2ai1AMrQnmilEl4oJE+8=
  dependencies:
    "@types/json-schema" "^7.0.6"
    ajv "^6.12.5"
    ajv-keywords "^3.5.2"

serialize-javascript@^5.0.1:
  version "5.0.1"
  resolved "http://registry.npm.souche-inc.com/serialize-javascript/download/serialize-javascript-5.0.1.tgz#7886ec848049a462467a97d3d918ebb2aaf934f4"
  integrity sha1-eIbshIBJpGJGepfT2Rjrsqr5NPQ=
  dependencies:
    randombytes "^2.1.0"

sigmund@~1.0.0:
  version "1.0.1"
  resolved "https://registry.npm.taobao.org/sigmund/download/sigmund-1.0.1.tgz#3ff21f198cad2175f9f3b781853fd94d0d19b590"
  integrity sha1-P/IfGYytIXX587eBhT/ZTQ0ZtZA=

sinon@^1.10.3:
  version "1.17.7"
  resolved "https://registry.npm.taobao.org/sinon/download/sinon-1.17.7.tgz#4542a4f49ba0c45c05eb2e9dd9d203e2b8efe0bf"
  integrity sha1-RUKk9JugxFwF6y6d2dID4rjv4L8=
  dependencies:
    formatio "1.1.1"
    lolex "1.3.2"
    samsam "1.1.2"
    util ">=0.10.3 <1"

source-list-map@^2.0.1:
  version "2.0.1"
  resolved "http://registry.npm.souche-inc.com/source-list-map/download/source-list-map-2.0.1.tgz#3993bd873bfc48479cca9ea3a547835c7c154b34"
  integrity sha1-OZO9hzv8SEecyp6jpUeDXHwVSzQ=

source-map-support@~0.5.19:
  version "0.5.19"
  resolved "http://registry.npm.souche-inc.com/source-map-support/download/source-map-support-0.5.19.tgz#a98b62f86dcaf4f67399648c085291ab9e8fed61"
  integrity sha1-qYti+G3K9PZzmWSMCFKRq56P7WE=
  dependencies:
    buffer-from "^1.0.0"
    source-map "^0.6.0"

source-map@^0.6.0, source-map@^0.6.1:
  version "0.6.1"
  resolved "http://registry.npm.souche-inc.com/source-map/download/source-map-0.6.1.tgz#74722af32e9614e9c287a8d0bbde48b5e2f1a263"
  integrity sha1-dHIq8y6WFOnCh6jQu95IteLxomM=

source-map@~0.7.2:
  version "0.7.3"
  resolved "http://registry.npm.souche-inc.com/source-map/download/source-map-0.7.3.tgz#5302f8169031735226544092e64981f751750383"
  integrity sha1-UwL4FpAxc1ImVECS5kmB91F1A4M=

string.prototype.trimend@^1.0.3:
  version "1.0.3"
  resolved "https://registry.npm.taobao.org/string.prototype.trimend/download/string.prototype.trimend-1.0.3.tgz?cache=0&sync_timestamp=1606008069015&other_urls=https%3A%2F%2Fregistry.npm.taobao.org%2Fstring.prototype.trimend%2Fdownload%2Fstring.prototype.trimend-1.0.3.tgz#a22bd53cca5c7cf44d7c9d5c732118873d6cd18b"
  integrity sha1-oivVPMpcfPRNfJ1ccyEYhz1s0Ys=
  dependencies:
    call-bind "^1.0.0"
    define-properties "^1.1.3"

string.prototype.trimstart@^1.0.3:
  version "1.0.3"
  resolved "https://registry.npm.taobao.org/string.prototype.trimstart/download/string.prototype.trimstart-1.0.3.tgz?cache=0&sync_timestamp=1606007944322&other_urls=https%3A%2F%2Fregistry.npm.taobao.org%2Fstring.prototype.trimstart%2Fdownload%2Fstring.prototype.trimstart-1.0.3.tgz#9b4cb590e123bb36564401d59824298de50fd5aa"
  integrity sha1-m0y1kOEjuzZWRAHVmCQpjeUP1ao=
  dependencies:
    call-bind "^1.0.0"
    define-properties "^1.1.3"

supports-color@1.2.0:
  version "1.2.0"
  resolved "https://registry.npm.taobao.org/supports-color/download/supports-color-1.2.0.tgz#ff1ed1e61169d06b3cf2d588e188b18d8847e17e"
  integrity sha1-/x7R5hFp0Gs88tWI4YixjYhH4X4=

supports-color@^7.0.0:
  version "7.2.0"
  resolved "http://registry.npm.souche-inc.com/supports-color/download/supports-color-7.2.0.tgz#1b7dcdcb32b8138801b3e478ba6a51caa89648da"
  integrity sha1-G33NyzK4E4gBs+R4umpRyqiWSNo=
  dependencies:
    has-flag "^4.0.0"

tapable@^2.1.1, tapable@^2.2.0:
  version "2.2.0"
  resolved "http://registry.npm.souche-inc.com/tapable/download/tapable-2.2.0.tgz#5c373d281d9c672848213d0e037d1c4165ab426b"
  integrity sha1-XDc9KB2cZyhIIT0OA30cQWWrQms=

terser-webpack-plugin@^5.1.1:
  version "5.1.1"
  resolved "http://registry.npm.souche-inc.com/terser-webpack-plugin/download/terser-webpack-plugin-5.1.1.tgz#7effadee06f7ecfa093dbbd3e9ab23f5f3ed8673"
  integrity sha1-fv+t7gb37PoJPbvT6asj9fPthnM=
  dependencies:
    jest-worker "^26.6.2"
    p-limit "^3.1.0"
    schema-utils "^3.0.0"
    serialize-javascript "^5.0.1"
    source-map "^0.6.1"
    terser "^5.5.1"

terser@^5.5.1:
  version "5.6.0"
  resolved "http://registry.npm.souche-inc.com/terser/download/terser-5.6.0.tgz#138cdf21c5e3100b1b3ddfddf720962f88badcd2"
  integrity sha1-E4zfIcXjEAsbPd/d9yCWL4i63NI=
  dependencies:
    commander "^2.20.0"
    source-map "~0.7.2"
    source-map-support "~0.5.19"

to-iso-string@0.0.2:
  version "0.0.2"
  resolved "https://registry.npm.taobao.org/to-iso-string/download/to-iso-string-0.0.2.tgz#4dc19e664dfccbe25bd8db508b00c6da158255d1"
  integrity sha1-TcGeZk38y+Jb2NtQiwDG2hWCVdE=

tslib@^1.9.0:
  version "1.14.1"
  resolved "http://registry.npm.souche-inc.com/tslib/download/tslib-1.14.1.tgz#cf2d38bdc34a134bcaf1091c41f6619e2f672d00"
  integrity sha1-zy04vcNKE0vK8QkcQfZhni9nLQA=

underscore@~1.8.3:
  version "1.8.3"
  resolved "https://registry.npm.taobao.org/underscore/download/underscore-1.8.3.tgz?cache=0&sync_timestamp=1606179555203&other_urls=https%3A%2F%2Fregistry.npm.taobao.org%2Funderscore%2Fdownload%2Funderscore-1.8.3.tgz#4f3fb53b106e6097fcf9cb4109f2a5e9bdfa5022"
  integrity sha1-Tz+1OxBuYJf8+ctBCfKl6b36UCI=

uri-js@^4.2.2:
  version "4.4.1"
  resolved "http://registry.npm.souche-inc.com/uri-js/download/uri-js-4.4.1.tgz#9b1a52595225859e55f669d928f88c6c57f2a77e"
  integrity sha1-mxpSWVIlhZ5V9mnZKPiMbFfyp34=
  dependencies:
    punycode "^2.1.0"

"util@>=0.10.3 <1":
  version "0.12.3"
  resolved "https://registry.npm.taobao.org/util/download/util-0.12.3.tgz#971bb0292d2cc0c892dab7c6a5d37c2bec707888"
  integrity sha1-lxuwKS0swMiS2rfGpdN8K+xweIg=
  dependencies:
    inherits "^2.0.3"
    is-arguments "^1.0.4"
    is-generator-function "^1.0.7"
    is-typed-array "^1.1.3"
    safe-buffer "^5.1.2"
    which-typed-array "^1.1.2"

vue-router@^4.0.4:
  version "4.0.4"
  resolved "http://registry.npm.souche-inc.com/vue-router/download/vue-router-4.0.4.tgz#ad9b4b7bbdad622407b4ff189b1646f48c1e9053"
  integrity sha1-rZtLe72tYiQHtP8YmxZG9IwekFM=

vuex@^4.0.0:
  version "4.0.0"
  resolved "http://registry.npm.souche-inc.com/vuex/download/vuex-4.0.0.tgz#ac877aa76a9c45368c979471e461b520d38e6cf5"
  integrity sha1-rId6p2qcRTaMl5Rx5GG1INOObPU=

watchpack@^2.0.0:
  version "2.1.1"
  resolved "http://registry.npm.souche-inc.com/watchpack/download/watchpack-2.1.1.tgz#e99630550fca07df9f90a06056987baa40a689c7"
  integrity sha1-6ZYwVQ/KB9+fkKBgVph7qkCmicc=
  dependencies:
    glob-to-regexp "^0.4.1"
    graceful-fs "^4.1.2"

webpack-sources@^2.1.1:
  version "2.2.0"
  resolved "http://registry.npm.souche-inc.com/webpack-sources/download/webpack-sources-2.2.0.tgz#058926f39e3d443193b6c31547229806ffd02bac"
  integrity sha1-BYkm8549RDGTtsMVRyKYBv/QK6w=
  dependencies:
    source-list-map "^2.0.1"
    source-map "^0.6.1"

webpack@^5.24.3:
  version "5.24.3"
  resolved "http://registry.npm.souche-inc.com/webpack/download/webpack-5.24.3.tgz#6ec0f5059f8d7c7961075fa553cfce7b7928acb3"
  integrity sha1-bsD1BZ+NfHlhB1+lU8/Oe3korLM=
  dependencies:
    "@types/eslint-scope" "^3.7.0"
    "@types/estree" "^0.0.46"
    "@webassemblyjs/ast" "1.11.0"
    "@webassemblyjs/wasm-edit" "1.11.0"
    "@webassemblyjs/wasm-parser" "1.11.0"
    acorn "^8.0.4"
    browserslist "^4.14.5"
    chrome-trace-event "^1.0.2"
    enhanced-resolve "^5.7.0"
    es-module-lexer "^0.4.0"
    eslint-scope "^5.1.1"
    events "^3.2.0"
    glob-to-regexp "^0.4.1"
    graceful-fs "^4.2.4"
    json-parse-better-errors "^1.0.2"
    loader-runner "^4.2.0"
    mime-types "^2.1.27"
    neo-async "^2.6.2"
    schema-utils "^3.0.0"
    tapable "^2.1.1"
    terser-webpack-plugin "^5.1.1"
    watchpack "^2.0.0"
    webpack-sources "^2.1.1"

which-typed-array@^1.1.2:
  version "1.1.4"
  resolved "https://registry.npm.taobao.org/which-typed-array/download/which-typed-array-1.1.4.tgz#8fcb7d3ee5adf2d771066fba7cf37e32fe8711ff"
  integrity sha1-j8t9PuWt8tdxBm+6fPN+Mv6HEf8=
  dependencies:
    available-typed-arrays "^1.0.2"
    call-bind "^1.0.0"
    es-abstract "^1.18.0-next.1"
    foreach "^2.0.5"
    function-bind "^1.1.1"
    has-symbols "^1.0.1"
    is-typed-array "^1.1.3"

yocto-queue@^0.1.0:
  version "0.1.0"
  resolved "http://registry.npm.souche-inc.com/yocto-queue/download/yocto-queue-0.1.0.tgz#0294eb3dee05028d31ee1a5fa2c556a6aaf10a1b"
  integrity sha1-ApTrPe4FAo0x7hpfosVWpqrxChs=
